
Microsoft Visual Studio Solution File, Format Version 12.00
# Visual Studio Version 16
VisualStudioVersion = 16.0.29721.120
MinimumVisualStudioVersion = 10.0.40219.1
Project("{FAE04EC0-301F-11D3-BF4B-00C04F79EFBC}") = "Csharp_GradeBook", "Csharp_GradeBook\Csharp_GradeBook.csproj", "{4D784747-0A3C-4FDF-8F03-EF508B5A68FE}"
EndProject
Project("{FAE04EC0-301F-11D3-BF4B-00C04F79EFBC}") = "GradeBook_Test", "GradeBook_Test\GradeBook_Test.csproj", "{46DBE385-8A1D-4851-9FD1-C3583CA55037}"
EndProject
Global
	GlobalSection(SolutionConfigurationPlatforms) = preSolution
		Debug|Any CPU = Debug|Any CPU
		Release|Any CPU = Release|Any CPU
	EndGlobalSection
	GlobalSection(ProjectConfigurationPlatforms) = postSolution
		{4D784747-0A3C-4FDF-8F03-EF508B5A68FE}.Debug|Any CPU.ActiveCfg = Debug|Any CPU
		{4D784747-0A3C-4FDF-8F03-EF508B5A68FE}.Debug|Any CPU.Build.0 = Debug|Any CPU
		{4D784747-0A3C-4FDF-8F03-EF508B5A68FE}.Release|Any CPU.ActiveCfg = Release|Any CPU
		{4D784747-0A3C-4FDF-8F03-EF508B5A68FE}.Release|Any CPU.Build.0 = Release|Any CPU
		{46DBE385-8A1D-4851-9FD1-C3583CA55037}.Debug|Any CPU.ActiveCfg = Debug|Any CPU
		{46DBE385-8A1D-4851-9FD1-C3583CA55037}.Debug|Any CPU.Build.0 = Debug|Any CPU
		{46DBE385-8A1D-4851-9FD1-C3583CA55037}.Release|Any CPU.ActiveCfg = Release|Any CPU
		{46DBE385-8A1D-4851-9FD1-C3583CA55037}.Release|Any CPU.Build.0 = Release|Any CPU
	EndGlobalSection
	GlobalSection(SolutionProperties) = preSolution
		HideSolutionNode = FALSE
	EndGlobalSection
	GlobalSection(ExtensibilityGlobals) = postSolution
		SolutionGuid = {D9F3BDEE-7835-43F1-9473-1068E7A0C83A}
	EndGlobalSection
EndGlobal
